
Microsoft Visual Studio Solution File, Format Version 12.00
# Visual Studio Version 16
VisualStudioVersion = 16.0.29806.167
MinimumVisualStudioVersion = 15.0.26124.0
Project("{9A19103F-16F7-4668-BE54-9A1E7A4F7556}") = "Sepes.RestApi", "Sepes.RestApi\Sepes.RestApi.csproj", "{CD846C63-916B-4933-A281-5793817DED09}"
EndProject
Project("{9A19103F-16F7-4668-BE54-9A1E7A4F7556}") = "Sepes.Tests", "Sepes.Tests\Sepes.Tests.csproj", "{1CBDA700-4C9A-4932-9052-06311E6064D8}"
EndProject
Project("{9A19103F-16F7-4668-BE54-9A1E7A4F7556}") = "Sepes.Infrastructure", "Sepes.Infrastructure\Sepes.Infrastructure.csproj", "{CB5753CF-F8F1-4336-95CD-595C1230F347}"
EndProject
Project("{9A19103F-16F7-4668-BE54-9A1E7A4F7556}") = "Sepes.Functions", "Sepes.Functions\Sepes.Functions.csproj", "{F9C12CDF-6F17-4BCA-81B9-CF8967BFCDE8}"
EndProject
Project("{9A19103F-16F7-4668-BE54-9A1E7A4F7556}") = "Sepes.RestApi.IntegrationTests", "Sepes.RestApi.IntegrationTests\Sepes.RestApi.IntegrationTests.csproj", "{7F6CF324-467A-4DFC-A046-72A85D64EBE6}"
EndProject
Project("{9A19103F-16F7-4668-BE54-9A1E7A4F7556}") = "Sepes.Tests.Common", "Sepes.Tests.Common\Sepes.Tests.Common.csproj", "{1EC116FF-95E6-4ADD-ADF6-1284DF75E02D}"
EndProject
Project("{2150E333-8FDC-42A3-9474-1A3956D46DE8}") = "Solution Items", "Solution Items", "{E2FBF193-43A3-431D-ABD3-9E8B4FCE1AEA}"
EndProject
Project("{FAE04EC0-301F-11D3-BF4B-00C04F79EFBC}") = "Sepes.Azure", "Sepes.Azure\Sepes.Azure.csproj", "{1DC566BE-79D1-4D60-A724-4B3D897D3C7D}"
EndProject
Project("{FAE04EC0-301F-11D3-BF4B-00C04F79EFBC}") = "Sepes.Common", "Sepes.Common\Sepes.Common.csproj", "{C2210D8B-6741-4BC4-85EF-41B719B21FFF}"
EndProject
Global
	GlobalSection(SolutionConfigurationPlatforms) = preSolution
		Debug|Any CPU = Debug|Any CPU
		Debug|x64 = Debug|x64
		Debug|x86 = Debug|x86
		Release|Any CPU = Release|Any CPU
		Release|x64 = Release|x64
		Release|x86 = Release|x86
	EndGlobalSection
	GlobalSection(ProjectConfigurationPlatforms) = postSolution
		{CD846C63-916B-4933-A281-5793817DED09}.Debug|Any CPU.ActiveCfg = Debug|Any CPU
		{CD846C63-916B-4933-A281-5793817DED09}.Debug|Any CPU.Build.0 = Debug|Any CPU
		{CD846C63-916B-4933-A281-5793817DED09}.Debug|x64.ActiveCfg = Debug|Any CPU
		{CD846C63-916B-4933-A281-5793817DED09}.Debug|x64.Build.0 = Debug|Any CPU
		{CD846C63-916B-4933-A281-5793817DED09}.Debug|x86.ActiveCfg = Debug|Any CPU
		{CD846C63-916B-4933-A281-5793817DED09}.Debug|x86.Build.0 = Debug|Any CPU
		{CD846C63-916B-4933-A281-5793817DED09}.Release|Any CPU.ActiveCfg = Release|Any CPU
		{CD846C63-916B-4933-A281-5793817DED09}.Release|Any CPU.Build.0 = Release|Any CPU
		{CD846C63-916B-4933-A281-5793817DED09}.Release|x64.ActiveCfg = Release|Any CPU
		{CD846C63-916B-4933-A281-5793817DED09}.Release|x64.Build.0 = Release|Any CPU
		{CD846C63-916B-4933-A281-5793817DED09}.Release|x86.ActiveCfg = Release|Any CPU
		{CD846C63-916B-4933-A281-5793817DED09}.Release|x86.Build.0 = Release|Any CPU
		{1CBDA700-4C9A-4932-9052-06311E6064D8}.Debug|Any CPU.ActiveCfg = Debug|Any CPU
		{1CBDA700-4C9A-4932-9052-06311E6064D8}.Debug|Any CPU.Build.0 = Debug|Any CPU
		{1CBDA700-4C9A-4932-9052-06311E6064D8}.Debug|x64.ActiveCfg = Debug|Any CPU
		{1CBDA700-4C9A-4932-9052-06311E6064D8}.Debug|x64.Build.0 = Debug|Any CPU
		{1CBDA700-4C9A-4932-9052-06311E6064D8}.Debug|x86.ActiveCfg = Debug|Any CPU
		{1CBDA700-4C9A-4932-9052-06311E6064D8}.Debug|x86.Build.0 = Debug|Any CPU
		{1CBDA700-4C9A-4932-9052-06311E6064D8}.Release|Any CPU.ActiveCfg = Release|Any CPU
		{1CBDA700-4C9A-4932-9052-06311E6064D8}.Release|Any CPU.Build.0 = Release|Any CPU
		{1CBDA700-4C9A-4932-9052-06311E6064D8}.Release|x64.ActiveCfg = Release|Any CPU
		{1CBDA700-4C9A-4932-9052-06311E6064D8}.Release|x64.Build.0 = Release|Any CPU
		{1CBDA700-4C9A-4932-9052-06311E6064D8}.Release|x86.ActiveCfg = Release|Any CPU
		{1CBDA700-4C9A-4932-9052-06311E6064D8}.Release|x86.Build.0 = Release|Any CPU
		{CB5753CF-F8F1-4336-95CD-595C1230F347}.Debug|Any CPU.ActiveCfg = Debug|Any CPU
		{CB5753CF-F8F1-4336-95CD-595C1230F347}.Debug|Any CPU.Build.0 = Debug|Any CPU
		{CB5753CF-F8F1-4336-95CD-595C1230F347}.Debug|x64.ActiveCfg = Debug|Any CPU
		{CB5753CF-F8F1-4336-95CD-595C1230F347}.Debug|x64.Build.0 = Debug|Any CPU
		{CB5753CF-F8F1-4336-95CD-595C1230F347}.Debug|x86.ActiveCfg = Debug|Any CPU
		{CB5753CF-F8F1-4336-95CD-595C1230F347}.Debug|x86.Build.0 = Debug|Any CPU
		{CB5753CF-F8F1-4336-95CD-595C1230F347}.Release|Any CPU.ActiveCfg = Release|Any CPU
		{CB5753CF-F8F1-4336-95CD-595C1230F347}.Release|Any CPU.Build.0 = Release|Any CPU
		{CB5753CF-F8F1-4336-95CD-595C1230F347}.Release|x64.ActiveCfg = Release|Any CPU
		{CB5753CF-F8F1-4336-95CD-595C1230F347}.Release|x64.Build.0 = Release|Any CPU
		{CB5753CF-F8F1-4336-95CD-595C1230F347}.Release|x86.ActiveCfg = Release|Any CPU
		{CB5753CF-F8F1-4336-95CD-595C1230F347}.Release|x86.Build.0 = Release|Any CPU
		{F9C12CDF-6F17-4BCA-81B9-CF8967BFCDE8}.Debug|Any CPU.ActiveCfg = Debug|Any CPU
		{F9C12CDF-6F17-4BCA-81B9-CF8967BFCDE8}.Debug|Any CPU.Build.0 = Debug|Any CPU
		{F9C12CDF-6F17-4BCA-81B9-CF8967BFCDE8}.Debug|x64.ActiveCfg = Debug|Any CPU
		{F9C12CDF-6F17-4BCA-81B9-CF8967BFCDE8}.Debug|x64.Build.0 = Debug|Any CPU
		{F9C12CDF-6F17-4BCA-81B9-CF8967BFCDE8}.Debug|x86.ActiveCfg = Debug|Any CPU
		{F9C12CDF-6F17-4BCA-81B9-CF8967BFCDE8}.Debug|x86.Build.0 = Debug|Any CPU
		{F9C12CDF-6F17-4BCA-81B9-CF8967BFCDE8}.Release|Any CPU.ActiveCfg = Release|Any CPU
		{F9C12CDF-6F17-4BCA-81B9-CF8967BFCDE8}.Release|Any CPU.Build.0 = Release|Any CPU
		{F9C12CDF-6F17-4BCA-81B9-CF8967BFCDE8}.Release|x64.ActiveCfg = Release|Any CPU
		{F9C12CDF-6F17-4BCA-81B9-CF8967BFCDE8}.Release|x64.Build.0 = Release|Any CPU
		{F9C12CDF-6F17-4BCA-81B9-CF8967BFCDE8}.Release|x86.ActiveCfg = Release|Any CPU
		{F9C12CDF-6F17-4BCA-81B9-CF8967BFCDE8}.Release|x86.Build.0 = Release|Any CPU
		{7F6CF324-467A-4DFC-A046-72A85D64EBE6}.Debug|Any CPU.ActiveCfg = Debug|Any CPU
		{7F6CF324-467A-4DFC-A046-72A85D64EBE6}.Debug|Any CPU.Build.0 = Debug|Any CPU
		{7F6CF324-467A-4DFC-A046-72A85D64EBE6}.Debug|x64.ActiveCfg = Debug|Any CPU
		{7F6CF324-467A-4DFC-A046-72A85D64EBE6}.Debug|x64.Build.0 = Debug|Any CPU
		{7F6CF324-467A-4DFC-A046-72A85D64EBE6}.Debug|x86.ActiveCfg = Debug|Any CPU
		{7F6CF324-467A-4DFC-A046-72A85D64EBE6}.Debug|x86.Build.0 = Debug|Any CPU
		{7F6CF324-467A-4DFC-A046-72A85D64EBE6}.Release|Any CPU.ActiveCfg = Release|Any CPU
		{7F6CF324-467A-4DFC-A046-72A85D64EBE6}.Release|Any CPU.Build.0 = Release|Any CPU
		{7F6CF324-467A-4DFC-A046-72A85D64EBE6}.Release|x64.ActiveCfg = Release|Any CPU
		{7F6CF324-467A-4DFC-A046-72A85D64EBE6}.Release|x64.Build.0 = Release|Any CPU
		{7F6CF324-467A-4DFC-A046-72A85D64EBE6}.Release|x86.ActiveCfg = Release|Any CPU
		{7F6CF324-467A-4DFC-A046-72A85D64EBE6}.Release|x86.Build.0 = Release|Any CPU
		{1EC116FF-95E6-4ADD-ADF6-1284DF75E02D}.Debug|Any CPU.ActiveCfg = Debug|Any CPU
		{1EC116FF-95E6-4ADD-ADF6-1284DF75E02D}.Debug|Any CPU.Build.0 = Debug|Any CPU
		{1EC116FF-95E6-4ADD-ADF6-1284DF75E02D}.Debug|x64.ActiveCfg = Debug|Any CPU
		{1EC116FF-95E6-4ADD-ADF6-1284DF75E02D}.Debug|x64.Build.0 = Debug|Any CPU
		{1EC116FF-95E6-4ADD-ADF6-1284DF75E02D}.Debug|x86.ActiveCfg = Debug|Any CPU
		{1EC116FF-95E6-4ADD-ADF6-1284DF75E02D}.Debug|x86.Build.0 = Debug|Any CPU
		{1EC116FF-95E6-4ADD-ADF6-1284DF75E02D}.Release|Any CPU.ActiveCfg = Release|Any CPU
		{1EC116FF-95E6-4ADD-ADF6-1284DF75E02D}.Release|Any CPU.Build.0 = Release|Any CPU
		{1EC116FF-95E6-4ADD-ADF6-1284DF75E02D}.Release|x64.ActiveCfg = Release|Any CPU
		{1EC116FF-95E6-4ADD-ADF6-1284DF75E02D}.Release|x64.Build.0 = Release|Any CPU
		{1EC116FF-95E6-4ADD-ADF6-1284DF75E02D}.Release|x86.ActiveCfg = Release|Any CPU
		{1EC116FF-95E6-4ADD-ADF6-1284DF75E02D}.Release|x86.Build.0 = Release|Any CPU
		{1DC566BE-79D1-4D60-A724-4B3D897D3C7D}.Debug|Any CPU.ActiveCfg = Debug|Any CPU
		{1DC566BE-79D1-4D60-A724-4B3D897D3C7D}.Debug|Any CPU.Build.0 = Debug|Any CPU
		{1DC566BE-79D1-4D60-A724-4B3D897D3C7D}.Debug|x64.ActiveCfg = Debug|Any CPU
		{1DC566BE-79D1-4D60-A724-4B3D897D3C7D}.Debug|x64.Build.0 = Debug|Any CPU
		{1DC566BE-79D1-4D60-A724-4B3D897D3C7D}.Debug|x86.ActiveCfg = Debug|Any CPU
		{1DC566BE-79D1-4D60-A724-4B3D897D3C7D}.Debug|x86.Build.0 = Debug|Any CPU
		{1DC566BE-79D1-4D60-A724-4B3D897D3C7D}.Release|Any CPU.ActiveCfg = Release|Any CPU
		{1DC566BE-79D1-4D60-A724-4B3D897D3C7D}.Release|Any CPU.Build.0 = Release|Any CPU
		{1DC566BE-79D1-4D60-A724-4B3D897D3C7D}.Release|x64.ActiveCfg = Release|Any CPU
		{1DC566BE-79D1-4D60-A724-4B3D897D3C7D}.Release|x64.Build.0 = Release|Any CPU
		{1DC566BE-79D1-4D60-A724-4B3D897D3C7D}.Release|x86.ActiveCfg = Release|Any CPU
		{1DC566BE-79D1-4D60-A724-4B3D897D3C7D}.Release|x86.Build.0 = Release|Any CPU
		{C2210D8B-6741-4BC4-85EF-41B719B21FFF}.Debug|Any CPU.ActiveCfg = Debug|Any CPU
		{C2210D8B-6741-4BC4-85EF-41B719B21FFF}.Debug|Any CPU.Build.0 = Debug|Any CPU
		{C2210D8B-6741-4BC4-85EF-41B719B21FFF}.Debug|x64.ActiveCfg = Debug|Any CPU
		{C2210D8B-6741-4BC4-85EF-41B719B21FFF}.Debug|x64.Build.0 = Debug|Any CPU
		{C2210D8B-6741-4BC4-85EF-41B719B21FFF}.Debug|x86.ActiveCfg = Debug|Any CPU
		{C2210D8B-6741-4BC4-85EF-41B719B21FFF}.Debug|x86.Build.0 = Debug|Any CPU
		{C2210D8B-6741-4BC4-85EF-41B719B21FFF}.Release|Any CPU.ActiveCfg = Release|Any CPU
		{C2210D8B-6741-4BC4-85EF-41B719B21FFF}.Release|Any CPU.Build.0 = Release|Any CPU
		{C2210D8B-6741-4BC4-85EF-41B719B21FFF}.Release|x64.ActiveCfg = Release|Any CPU
		{C2210D8B-6741-4BC4-85EF-41B719B21FFF}.Release|x64.Build.0 = Release|Any CPU
		{C2210D8B-6741-4BC4-85EF-41B719B21FFF}.Release|x86.ActiveCfg = Release|Any CPU
		{C2210D8B-6741-4BC4-85EF-41B719B21FFF}.Release|x86.Build.0 = Release|Any CPU
	EndGlobalSection
	GlobalSection(SolutionProperties) = preSolution
		HideSolutionNode = FALSE
	EndGlobalSection
	GlobalSection(ExtensibilityGlobals) = postSolution
		SolutionGuid = {BB595440-8532-4A3E-9589-B04C8A360503}
	EndGlobalSection
EndGlobal
